<?xml version="1.0" encoding="utf-8"?>
<Project ToolsVersion="4.0" xmlns="http://schemas.microsoft.com/developer/msbuild/2003">
  <ItemGroup>
    <Filter Include="Source Files">
      <UniqueIdentifier>{4FC737F1-C7A5-4376-A066-2A32D752A2FF}</UniqueIdentifier>
      <Extensions>cpp;c;cc;cxx;c++;cppm;ixx;def;odl;idl;hpj;bat;asm;asmx</Extensions>
    </Filter>
    <Filter Include="Header Files">
      <UniqueIdentifier>{93995380-89BD-4b04-88EB-625FBE52EBFB}</UniqueIdentifier>
      <Extensions>h;hh;hpp;hxx;h++;hm;inl;inc;ipp;xsd</Extensions>
    </Filter>
    <Filter Include="Resource Files">
      <UniqueIdentifier>{67DA6AB6-F800-4c08-8B7A-83BB121AAD01}</UniqueIdentifier>
      <Extensions>rc;ico;cur;bmp;dlg;rc2;rct;bin;rgs;gif;jpg;jpeg;jpe;resx;tiff;tif;png;wav;mfcribbon-ms</Extensions>
    </Filter>
    <Filter Include="third-party">
      <UniqueIdentifier>{59cd319e-2133-442b-a9b6-12787b5b4c56}</UniqueIdentifier>
    </Filter>
    <Filter Include="third-party\fastgltf">
      <UniqueIdentifier>{4a5c0d53-28db-4884-bab6-e85ec1d82a9d}</UniqueIdentifier>
    </Filter>
    <Filter Include="third-party\fastgltf\include">
      <UniqueIdentifier>{ce01753f-91e5-47d3-a398-4f21001cd09b}</UniqueIdentifier>
    </Filter>
    <Filter Include="third-party\fastgltf\src">
      <UniqueIdentifier>{3e3fb48f-8408-4176-92a7-f27fed28b4f9}</UniqueIdentifier>
    </Filter>
    <Filter Include="third-party\imgui">
      <UniqueIdentifier>{b7ccac22-7f4c-4493-b081-8bf57bac3644}</UniqueIdentifier>
    </Filter>
    <Filter Include="third-party\simdjson">
      <UniqueIdentifier>{53461a00-7777-498a-9fb0-dd00280f8e21}</UniqueIdentifier>
    </Filter>
    <Filter Include="third-party\stb_image">
      <UniqueIdentifier>{056c9480-a1f6-4413-a3f6-bf6cc5d24670}</UniqueIdentifier>
    </Filter>
    <Filter Include="third-party\vk-bootstrap">
      <UniqueIdentifier>{faa6391c-f66e-4eca-a45d-0df33b84c0aa}</UniqueIdentifier>
    </Filter>
    <Filter Include="Header Files\vkme">
      <UniqueIdentifier>{88edd93f-ed55-493b-80e7-51ca58107633}</UniqueIdentifier>
    </Filter>
    <Filter Include="Header Files\vkme\core">
      <UniqueIdentifier>{4c058234-8577-4af5-8c59-e31f050dfd56}</UniqueIdentifier>
    </Filter>
    <Filter Include="Header Files\vkme\factory">
      <UniqueIdentifier>{fafc0af4-e604-4892-bc8e-8fa3e7f9b43e}</UniqueIdentifier>
    </Filter>
    <Filter Include="Source Files\vkme">
      <UniqueIdentifier>{b0d57d3e-71bd-49bc-9b58-d619e23d3588}</UniqueIdentifier>
    </Filter>
    <Filter Include="Source Files\vkme\core">
      <UniqueIdentifier>{90332080-8e24-475c-be9e-423b628b7ae7}</UniqueIdentifier>
    </Filter>
    <Filter Include="Source Files\vkme\factory">
      <UniqueIdentifier>{eaa04c37-f618-4937-b15f-ca7b74492cf3}</UniqueIdentifier>
    </Filter>
    <Filter Include="Header Files\vkme\geo">
      <UniqueIdentifier>{72d83d18-1b26-4ea4-b990-587ac0daa9e3}</UniqueIdentifier>
    </Filter>
    <Filter Include="Source Files\vkme\geo">
      <UniqueIdentifier>{da0e0218-307e-4344-9cd7-1fff5664a3d0}</UniqueIdentifier>
    </Filter>
  </ItemGroup>
  <ItemGroup>
    <ClCompile Include="..\third-party\fastgltf\src\base64.cpp">
      <Filter>third-party\fastgltf\src</Filter>
    </ClCompile>
    <ClCompile Include="..\third-party\fastgltf\src\fastgltf.cpp">
      <Filter>third-party\fastgltf\src</Filter>
    </ClCompile>
    <ClCompile Include="..\third-party\imgui\imgui.cpp">
      <Filter>third-party\imgui</Filter>
    </ClCompile>
    <ClCompile Include="..\third-party\imgui\imgui_demo.cpp">
      <Filter>third-party\imgui</Filter>
    </ClCompile>
    <ClCompile Include="..\third-party\imgui\imgui_draw.cpp">
      <Filter>third-party\imgui</Filter>
    </ClCompile>
    <ClCompile Include="..\third-party\imgui\imgui_impl_sdl2.cpp">
      <Filter>third-party\imgui</Filter>
    </ClCompile>
    <ClCompile Include="..\third-party\imgui\imgui_impl_vulkan.cpp">
      <Filter>third-party\imgui</Filter>
    </ClCompile>
    <ClCompile Include="..\third-party\imgui\imgui_tables.cpp">
      <Filter>third-party\imgui</Filter>
    </ClCompile>
    <ClCompile Include="..\third-party\imgui\imgui_widgets.cpp">
      <Filter>third-party\imgui</Filter>
    </ClCompile>
    <ClCompile Include="..\third-party\simdjson\simdjson.cpp">
      <Filter>third-party\simdjson</Filter>
    </ClCompile>
    <ClCompile Include="..\third-party\vk-bootstrap\src\VkBootstrap.cpp">
      <Filter>third-party\vk-bootstrap</Filter>
    </ClCompile>
    <ClCompile Include="..\src\ClearBackgroundDrawDelegate.cpp">
      <Filter>Source Files</Filter>
    </ClCompile>
    <ClCompile Include="..\src\ColorTriangleDelegate.cpp">
      <Filter>Source Files</Filter>
    </ClCompile>
    <ClCompile Include="..\src\ComputeShaderBackgroundDelegate.cpp">
      <Filter>Source Files</Filter>
    </ClCompile>
    <ClCompile Include="..\src\main.cpp">
      <Filter>Source Files</Filter>
    </ClCompile>
    <ClCompile Include="..\src\PushConstantsComputeShaderDelegate.cpp">
      <Filter>Source Files</Filter>
    </ClCompile>
    <ClCompile Include="..\src\vkme\DrawLoop.cpp">
      <Filter>Source Files\vkme</Filter>
    </ClCompile>
    <ClCompile Include="..\src\vkme\MainLoop.cpp">
      <Filter>Source Files\vkme</Filter>
    </ClCompile>
    <ClCompile Include="..\src\vkme\PlatformTools.cpp">
      <Filter>Source Files\vkme</Filter>
    </ClCompile>
    <ClCompile Include="..\src\vkme\UserInterface.cpp">
      <Filter>Source Files\vkme</Filter>
    </ClCompile>
    <ClCompile Include="..\src\vkme\VulkanData.cpp">
      <Filter>Source Files\vkme</Filter>
    </ClCompile>
    <ClCompile Include="..\src\vkme\core\Command.cpp">
      <Filter>Source Files\vkme\core</Filter>
    </ClCompile>
    <ClCompile Include="..\src\vkme\core\DescriptorSet.cpp">
      <Filter>Source Files\vkme\core</Filter>
    </ClCompile>
    <ClCompile Include="..\src\vkme\core\DescriptorSetAllocator.cpp">
      <Filter>Source Files\vkme\core</Filter>
    </ClCompile>
    <ClCompile Include="..\src\vkme\core\FrameResources.cpp">
      <Filter>Source Files\vkme\core</Filter>
    </ClCompile>
    <ClCompile Include="..\src\vkme\core\Image.cpp">
      <Filter>Source Files\vkme\core</Filter>
    </ClCompile>
    <ClCompile Include="..\src\vkme\core\Info.cpp">
      <Filter>Source Files\vkme\core</Filter>
    </ClCompile>
    <ClCompile Include="..\src\vkme\core\Swapchain.cpp">
      <Filter>Source Files\vkme\core</Filter>
    </ClCompile>
    <ClCompile Include="..\src\vkme\core\vk_mem_alloc.cpp">
      <Filter>Source Files\vkme\core</Filter>
    </ClCompile>
    <ClCompile Include="..\src\vkme\factory\DescriptorSetLayout.cpp">
      <Filter>Source Files\vkme\factory</Filter>
    </ClCompile>
    <ClCompile Include="..\src\vkme\factory\GraphicsPipeline.cpp">
      <Filter>Source Files\vkme\factory</Filter>
    </ClCompile>
    <ClCompile Include="..\src\vkme\factory\ShaderModule.cpp">
      <Filter>Source Files\vkme\factory</Filter>
    </ClCompile>
    <ClCompile Include="..\src\vkme\factory\ComputePipeline.cpp">
      <Filter>Source Files\vkme\factory</Filter>
    </ClCompile>
    <ClCompile Include="..\src\vkme\core\extensions.cpp">
      <Filter>Source Files\vkme\core</Filter>
    </ClCompile>
    <ClCompile Include="..\src\vkme\geo\mesh_data.cpp">
      <Filter>Source Files\vkme\geo</Filter>
    </ClCompile>
    <ClCompile Include="..\src\MeshBuffersDelegate.cpp">
      <Filter>Source Files</Filter>
    </ClCompile>
    <ClCompile Include="..\src\vkme\core\Buffer.cpp">
      <Filter>Source Files\vkme\core</Filter>
    </ClCompile>
    <ClCompile Include="..\src\TestModelDelegate.cpp">
      <Filter>Source Files</Filter>
    </ClCompile>
    <ClCompile Include="..\src\vkme\geo\Model.cpp">
      <Filter>Source Files\vkme\geo</Filter>
    </ClCompile>
    <ClCompile Include="..\src\SimpleTriangle.cpp">
      <Filter>Source Files</Filter>
    </ClCompile>
    <ClCompile Include="..\src\VertexBuffersDelegate.cpp">
      <Filter>Source Files</Filter>
    </ClCompile>
    <ClCompile Include="..\src\SkySphereDelegate.cpp">
      <Filter>Source Files</Filter>
    </ClCompile>
    <ClCompile Include="..\src\vkme\geo\Modifiers.cpp">
      <Filter>Source Files\vkme\geo</Filter>
    </ClCompile>
    <ClCompile Include="..\src\vkme\geo\Sphere.cpp">
      <Filter>Source Files\vkme\geo</Filter>
    </ClCompile>
    <ClCompile Include="..\src\vkme\geo\tiny_obj_implementation.cpp">
      <Filter>Source Files\vkme\geo</Filter>
    </ClCompile>
    <ClCompile Include="..\src\vkme\core\stb_image.cpp">
      <Filter>Header Files\vkme\core</Filter>
    </ClCompile>
    <ClCompile Include="..\src\GeometryDelegate.cpp">
      <Filter>Source Files</Filter>
    </ClCompile>
    <ClCompile Include="..\src\TexturesTestDelegate.cpp">
      <Filter>Source Files</Filter>
    </ClCompile>
    <ClCompile Include="..\src\RenderToTexture.cpp">
      <Filter>Source Files</Filter>
    </ClCompile>
    <ClCompile Include="..\src\vkme\geo\Cube.cpp">
      <Filter>Source Files\vkme\geo</Filter>
    </ClCompile>
  </ItemGroup>
  <ItemGroup>
    <ClInclude Include="..\third-party\fastgltf\include\fastgltf\base64.hpp">
      <Filter>third-party\fastgltf\include</Filter>
    </ClInclude>
    <ClInclude Include="..\third-party\fastgltf\include\fastgltf\glm_element_traits.hpp">
      <Filter>third-party\fastgltf\include</Filter>
    </ClInclude>
    <ClInclude Include="..\third-party\fastgltf\include\fastgltf\parser.hpp">
      <Filter>third-party\fastgltf\include</Filter>
    </ClInclude>
    <ClInclude Include="..\third-party\fastgltf\include\fastgltf\tools.hpp">
      <Filter>third-party\fastgltf\include</Filter>
    </ClInclude>
    <ClInclude Include="..\third-party\fastgltf\include\fastgltf\types.hpp">
      <Filter>third-party\fastgltf\include</Filter>
    </ClInclude>
    <ClInclude Include="..\third-party\fastgltf\include\fastgltf\util.hpp">
      <Filter>third-party\fastgltf\include</Filter>
    </ClInclude>
    <ClInclude Include="..\third-party\imgui\imconfig.h">
      <Filter>third-party\imgui</Filter>
    </ClInclude>
    <ClInclude Include="..\third-party\imgui\imgui.h">
      <Filter>third-party\imgui</Filter>
    </ClInclude>
    <ClInclude Include="..\third-party\imgui\imgui_impl_sdl2.h">
      <Filter>third-party\imgui</Filter>
    </ClInclude>
    <ClInclude Include="..\third-party\imgui\imgui_impl_vulkan.h">
      <Filter>third-party\imgui</Filter>
    </ClInclude>
    <ClInclude Include="..\third-party\imgui\imgui_internal.h">
      <Filter>third-party\imgui</Filter>
    </ClInclude>
    <ClInclude Include="..\third-party\imgui\imstb_rectpack.h">
      <Filter>third-party\imgui</Filter>
    </ClInclude>
    <ClInclude Include="..\third-party\imgui\imstb_textedit.h">
      <Filter>third-party\imgui</Filter>
    </ClInclude>
    <ClInclude Include="..\third-party\imgui\imstb_truetype.h">
      <Filter>third-party\imgui</Filter>
    </ClInclude>
    <ClInclude Include="..\third-party\simdjson\simdjson.h">
      <Filter>third-party\simdjson</Filter>
    </ClInclude>
    <ClInclude Include="..\third-party\stb_image\stb_image.h">
      <Filter>third-party\stb_image</Filter>
    </ClInclude>
    <ClInclude Include="..\third-party\vk-bootstrap\src\VkBootstrap.h">
      <Filter>third-party\vk-bootstrap</Filter>
    </ClInclude>
    <ClInclude Include="..\third-party\vk-bootstrap\src\VkBootstrapDispatch.h">
      <Filter>third-party\vk-bootstrap</Filter>
    </ClInclude>
    <ClInclude Include="..\include\ClearBackgroundDrawDelegate.hpp">
      <Filter>Header Files</Filter>
    </ClInclude>
    <ClInclude Include="..\include\ColorTriangleDelegate.hpp">
      <Filter>Header Files</Filter>
    </ClInclude>
    <ClInclude Include="..\include\ComputeShaderBackgroundDelegate.hpp">
      <Filter>Header Files</Filter>
    </ClInclude>
    <ClInclude Include="..\include\PushConstantsComputeShaderDelegate.hpp">
      <Filter>Header Files</Filter>
    </ClInclude>
    <ClInclude Include="..\include\vkme\DrawLoop.hpp">
      <Filter>Header Files\vkme</Filter>
    </ClInclude>
    <ClInclude Include="..\include\vkme\MainLoop.hpp">
      <Filter>Header Files\vkme</Filter>
    </ClInclude>
    <ClInclude Include="..\include\vkme\PlatformTools.hpp">
      <Filter>Header Files\vkme</Filter>
    </ClInclude>
    <ClInclude Include="..\include\vkme\UserInterface.hpp">
      <Filter>Header Files\vkme</Filter>
    </ClInclude>
    <ClInclude Include="..\include\vkme\VulkanData.hpp">
      <Filter>Header Files\vkme</Filter>
    </ClInclude>
    <ClInclude Include="..\include\vkme\core\CleanupManager.hpp">
      <Filter>Header Files\vkme\core</Filter>
    </ClInclude>
    <ClInclude Include="..\include\vkme\core\Command.hpp">
      <Filter>Header Files\vkme\core</Filter>
    </ClInclude>
    <ClInclude Include="..\include\vkme\core\common.hpp">
      <Filter>Header Files\vkme\core</Filter>
    </ClInclude>
    <ClInclude Include="..\include\vkme\core\DescriptorSet.hpp">
      <Filter>Header Files\vkme\core</Filter>
    </ClInclude>
    <ClInclude Include="..\include\vkme\core\DescriptorSetAllocator.hpp">
      <Filter>Header Files\vkme\core</Filter>
    </ClInclude>
    <ClInclude Include="..\include\vkme\core\FrameResources.hpp">
      <Filter>Header Files\vkme\core</Filter>
    </ClInclude>
    <ClInclude Include="..\include\vkme\core\Image.hpp">
      <Filter>Header Files\vkme\core</Filter>
    </ClInclude>
    <ClInclude Include="..\include\vkme\core\Info.hpp">
      <Filter>Header Files\vkme\core</Filter>
    </ClInclude>
    <ClInclude Include="..\include\vkme\core\Swapchain.hpp">
      <Filter>Header Files\vkme\core</Filter>
    </ClInclude>
    <ClInclude Include="..\include\vkme\factory\ComputePipeline.hpp">
      <Filter>Header Files\vkme\factory</Filter>
    </ClInclude>
    <ClInclude Include="..\include\vkme\factory\DescriptorSetLayout.hpp">
      <Filter>Header Files\vkme\factory</Filter>
    </ClInclude>
    <ClInclude Include="..\include\vkme\factory\GraphicsPipeline.hpp">
      <Filter>Header Files\vkme\factory</Filter>
    </ClInclude>
    <ClInclude Include="..\include\vkme\factory\ShaderModule.hpp">
      <Filter>Header Files\vkme\factory</Filter>
    </ClInclude>
    <ClInclude Include="..\include\vkme\core\extensions.hpp">
      <Filter>Header Files\vkme\core</Filter>
    </ClInclude>
    <ClInclude Include="..\include\vkme\geo\mesh_data.hpp">
      <Filter>Header Files\vkme\geo</Filter>
    </ClInclude>
    <ClInclude Include="..\include\vkme\core\Buffer.hpp">
      <Filter>Header Files\vkme\core</Filter>
    </ClInclude>
    <ClInclude Include="..\include\TestModelDelegate.hpp">
      <Filter>Header Files</Filter>
    </ClInclude>
    <ClInclude Include="..\include\vkme\geo\Model.hpp">
      <Filter>Header Files\vkme\geo</Filter>
    </ClInclude>
    <ClInclude Include="..\include\VertexBuffersDelegate.hpp">
      <Filter>Header Files</Filter>
    </ClInclude>
    <ClInclude Include="..\include\SimpleTriangle.hpp">
      <Filter>Header Files</Filter>
    </ClInclude>
    <ClInclude Include="..\include\MeshBuffersDelegate.hpp">
      <Filter>Header Files</Filter>
    </ClInclude>
    <ClInclude Include="..\include\SkySphereDelegate.hpp">
      <Filter>Header Files</Filter>
    </ClInclude>
    <ClInclude Include="..\include\vkme\geo\Modifiers.hpp">
      <Filter>Header Files\vkme\geo</Filter>
    </ClInclude>
    <ClInclude Include="..\include\vkme\geo\Sphere.hpp">
      <Filter>Header Files\vkme\geo</Filter>
    </ClInclude>
    <ClInclude Include="..\include\GeometryDelegate.hpp">
      <Filter>Header Files</Filter>
    </ClInclude>
    <ClInclude Include="..\include\TexturesTestDelegate.hpp">
      <Filter>Header Files</Filter>
    </ClInclude>
    <ClInclude Include="..\include\RenderToTexture.hpp">
      <Filter>Header Files</Filter>
    </ClInclude>
    <ClInclude Include="..\include\vkme\geo\Cube.hpp">
      <Filter>Header Files\vkme\geo</Filter>
    </ClInclude>
  </ItemGroup>
  <ItemGroup>
    <None Include="..\third-party\simdjson\twitter.json">
      <Filter>third-party\simdjson</Filter>
    </None>
  </ItemGroup>
</Project>