// !$*UTF8*$!
{
	archiveVersion = 1;
	classes = {
	};
	objectVersion = 56;
	objects = {

/* Begin PBXBuildFile section */
		ED31BF272C8D97AA00285F60 /* Assets.xcassets in Resources */ = {isa = PBXBuildFile; fileRef = ED31BF262C8D97AA00285F60 /* Assets.xcassets */; };
		ED31BF3A2C8D9E2000285F60 /* libSDL2-2.0.0.dylib in Frameworks */ = {isa = PBXBuildFile; fileRef = ED31BF392C8D9E2000285F60 /* libSDL2-2.0.0.dylib */; };
		ED31BF3D2C8D9F5900285F60 /* libSDL2-2.0.0.dylib in Copy Frameworks */ = {isa = PBXBuildFile; fileRef = ED31BF392C8D9E2000285F60 /* libSDL2-2.0.0.dylib */; settings = {ATTRIBUTES = (CodeSignOnCopy, ); }; };
		ED31BF442C8DA27200285F60 /* VkBootstrap.cpp in Sources */ = {isa = PBXBuildFile; fileRef = ED31BF3E2C8DA27200285F60 /* VkBootstrap.cpp */; };
		ED31BF572C8DADFF00285F60 /* vk_engine.cpp in Sources */ = {isa = PBXBuildFile; fileRef = ED31BF4B2C8DADFF00285F60 /* vk_engine.cpp */; };
		ED31BF582C8DADFF00285F60 /* vk_loader.cpp in Sources */ = {isa = PBXBuildFile; fileRef = ED31BF4C2C8DADFF00285F60 /* vk_loader.cpp */; };
		ED31BF592C8DADFF00285F60 /* vk_descriptors.cpp in Sources */ = {isa = PBXBuildFile; fileRef = ED31BF4E2C8DADFF00285F60 /* vk_descriptors.cpp */; };
		ED31BF5A2C8DADFF00285F60 /* vk_images.cpp in Sources */ = {isa = PBXBuildFile; fileRef = ED31BF532C8DADFF00285F60 /* vk_images.cpp */; };
		ED31BF5B2C8DADFF00285F60 /* main.cpp in Sources */ = {isa = PBXBuildFile; fileRef = ED31BF542C8DADFF00285F60 /* main.cpp */; };
		ED31BF5C2C8DADFF00285F60 /* vk_pipelines.cpp in Sources */ = {isa = PBXBuildFile; fileRef = ED31BF552C8DADFF00285F60 /* vk_pipelines.cpp */; };
		ED31BF5D2C8DADFF00285F60 /* vk_initializers.cpp in Sources */ = {isa = PBXBuildFile; fileRef = ED31BF562C8DADFF00285F60 /* vk_initializers.cpp */; };
		ED31BF6A2C8DB67D00285F60 /* MoltenVK_icd.json in Copy ICD */ = {isa = PBXBuildFile; fileRef = ED31BF682C8DB64300285F60 /* MoltenVK_icd.json */; settings = {ATTRIBUTES = (CodeSignOnCopy, ); }; };
		ED31BF6E2C8DB89400285F60 /* libvulkan.1.3.290.dylib in Frameworks */ = {isa = PBXBuildFile; fileRef = ED31BF632C8DB1DB00285F60 /* libvulkan.1.3.290.dylib */; };
		ED31BF6F2C8DB89D00285F60 /* libMoltenVK.dylib in Frameworks */ = {isa = PBXBuildFile; fileRef = ED31BF612C8DB1A700285F60 /* libMoltenVK.dylib */; };
		ED31BF702C8DB8A800285F60 /* libMoltenVK.dylib in Copy Frameworks */ = {isa = PBXBuildFile; fileRef = ED31BF612C8DB1A700285F60 /* libMoltenVK.dylib */; settings = {ATTRIBUTES = (CodeSignOnCopy, ); }; };
		ED31BF712C8DB8AB00285F60 /* libvulkan.1.3.290.dylib in Copy Frameworks */ = {isa = PBXBuildFile; fileRef = ED31BF632C8DB1DB00285F60 /* libvulkan.1.3.290.dylib */; settings = {ATTRIBUTES = (CodeSignOnCopy, ); }; };
/* End PBXBuildFile section */

/* Begin PBXCopyFilesBuildPhase section */
		ED31BF3B2C8D9EFC00285F60 /* Copy Frameworks */ = {
			isa = PBXCopyFilesBuildPhase;
			buildActionMask = 2147483647;
			dstPath = "";
			dstSubfolderSpec = 10;
			files = (
				ED31BF3D2C8D9F5900285F60 /* libSDL2-2.0.0.dylib in Copy Frameworks */,
				ED31BF702C8DB8A800285F60 /* libMoltenVK.dylib in Copy Frameworks */,
				ED31BF712C8DB8AB00285F60 /* libvulkan.1.3.290.dylib in Copy Frameworks */,
			);
			name = "Copy Frameworks";
			runOnlyForDeploymentPostprocessing = 0;
		};
		ED31BF692C8DB65F00285F60 /* Copy ICD */ = {
			isa = PBXCopyFilesBuildPhase;
			buildActionMask = 2147483647;
			dstPath = vulkan/icd.d;
			dstSubfolderSpec = 7;
			files = (
				ED31BF6A2C8DB67D00285F60 /* MoltenVK_icd.json in Copy ICD */,
			);
			name = "Copy ICD";
			runOnlyForDeploymentPostprocessing = 0;
		};
/* End PBXCopyFilesBuildPhase section */

/* Begin PBXFileReference section */
		ED31BF202C8D97AA00285F60 /* vulkan-mini-engine.app */ = {isa = PBXFileReference; explicitFileType = wrapper.application; includeInIndex = 0; path = "vulkan-mini-engine.app"; sourceTree = BUILT_PRODUCTS_DIR; };
		ED31BF262C8D97AA00285F60 /* Assets.xcassets */ = {isa = PBXFileReference; lastKnownFileType = folder.assetcatalog; path = Assets.xcassets; sourceTree = "<group>"; };
		ED31BF2D2C8D97AA00285F60 /* vulkan_mini_engine.entitlements */ = {isa = PBXFileReference; lastKnownFileType = text.plist.entitlements; path = vulkan_mini_engine.entitlements; sourceTree = "<group>"; };
		ED31BF392C8D9E2000285F60 /* libSDL2-2.0.0.dylib */ = {isa = PBXFileReference; lastKnownFileType = "compiled.mach-o.dylib"; name = "libSDL2-2.0.0.dylib"; path = "/Users/fernando/VulkanSDK/1.3.290.0/macOS/lib/libSDL2-2.0.0.dylib"; sourceTree = "<absolute>"; };
		ED31BF3E2C8DA27200285F60 /* VkBootstrap.cpp */ = {isa = PBXFileReference; fileEncoding = 4; lastKnownFileType = sourcecode.cpp.cpp; path = VkBootstrap.cpp; sourceTree = "<group>"; };
		ED31BF3F2C8DA27200285F60 /* VkBootstrap.h */ = {isa = PBXFileReference; fileEncoding = 4; lastKnownFileType = sourcecode.c.h; path = VkBootstrap.h; sourceTree = "<group>"; };
		ED31BF402C8DA27200285F60 /* VkBootstrapDispatch.h */ = {isa = PBXFileReference; fileEncoding = 4; lastKnownFileType = sourcecode.c.h; path = VkBootstrapDispatch.h; sourceTree = "<group>"; };
		ED31BF492C8DADFF00285F60 /* vk_types.h */ = {isa = PBXFileReference; fileEncoding = 4; lastKnownFileType = sourcecode.c.h; path = vk_types.h; sourceTree = "<group>"; };
		ED31BF4A2C8DADFF00285F60 /* vk_images.h */ = {isa = PBXFileReference; fileEncoding = 4; lastKnownFileType = sourcecode.c.h; path = vk_images.h; sourceTree = "<group>"; };
		ED31BF4B2C8DADFF00285F60 /* vk_engine.cpp */ = {isa = PBXFileReference; fileEncoding = 4; lastKnownFileType = sourcecode.cpp.cpp; path = vk_engine.cpp; sourceTree = "<group>"; };
		ED31BF4C2C8DADFF00285F60 /* vk_loader.cpp */ = {isa = PBXFileReference; fileEncoding = 4; lastKnownFileType = sourcecode.cpp.cpp; path = vk_loader.cpp; sourceTree = "<group>"; };
		ED31BF4D2C8DADFF00285F60 /* vk_engine.h */ = {isa = PBXFileReference; fileEncoding = 4; lastKnownFileType = sourcecode.c.h; path = vk_engine.h; sourceTree = "<group>"; };
		ED31BF4E2C8DADFF00285F60 /* vk_descriptors.cpp */ = {isa = PBXFileReference; fileEncoding = 4; lastKnownFileType = sourcecode.cpp.cpp; path = vk_descriptors.cpp; sourceTree = "<group>"; };
		ED31BF4F2C8DADFF00285F60 /* vk_loader.h */ = {isa = PBXFileReference; fileEncoding = 4; lastKnownFileType = sourcecode.c.h; path = vk_loader.h; sourceTree = "<group>"; };
		ED31BF502C8DADFF00285F60 /* vk_descriptors.h */ = {isa = PBXFileReference; fileEncoding = 4; lastKnownFileType = sourcecode.c.h; path = vk_descriptors.h; sourceTree = "<group>"; };
		ED31BF512C8DADFF00285F60 /* vk_initializers.h */ = {isa = PBXFileReference; fileEncoding = 4; lastKnownFileType = sourcecode.c.h; path = vk_initializers.h; sourceTree = "<group>"; };
		ED31BF522C8DADFF00285F60 /* vk_pipelines.h */ = {isa = PBXFileReference; fileEncoding = 4; lastKnownFileType = sourcecode.c.h; path = vk_pipelines.h; sourceTree = "<group>"; };
		ED31BF532C8DADFF00285F60 /* vk_images.cpp */ = {isa = PBXFileReference; fileEncoding = 4; lastKnownFileType = sourcecode.cpp.cpp; path = vk_images.cpp; sourceTree = "<group>"; };
		ED31BF542C8DADFF00285F60 /* main.cpp */ = {isa = PBXFileReference; fileEncoding = 4; lastKnownFileType = sourcecode.cpp.cpp; path = main.cpp; sourceTree = "<group>"; };
		ED31BF552C8DADFF00285F60 /* vk_pipelines.cpp */ = {isa = PBXFileReference; fileEncoding = 4; lastKnownFileType = sourcecode.cpp.cpp; path = vk_pipelines.cpp; sourceTree = "<group>"; };
		ED31BF562C8DADFF00285F60 /* vk_initializers.cpp */ = {isa = PBXFileReference; fileEncoding = 4; lastKnownFileType = sourcecode.cpp.cpp; path = vk_initializers.cpp; sourceTree = "<group>"; };
		ED31BF612C8DB1A700285F60 /* libMoltenVK.dylib */ = {isa = PBXFileReference; lastKnownFileType = "compiled.mach-o.dylib"; name = libMoltenVK.dylib; path = /Users/fernando/VulkanSDK/1.3.290.0/macOS/lib/libMoltenVK.dylib; sourceTree = "<absolute>"; };
		ED31BF632C8DB1DB00285F60 /* libvulkan.1.3.290.dylib */ = {isa = PBXFileReference; lastKnownFileType = "compiled.mach-o.dylib"; name = libvulkan.1.3.290.dylib; path = /Users/fernando/VulkanSDK/1.3.290.0/macOS/lib/libvulkan.1.3.290.dylib; sourceTree = "<absolute>"; };
		ED31BF682C8DB64300285F60 /* MoltenVK_icd.json */ = {isa = PBXFileReference; lastKnownFileType = text.json; path = MoltenVK_icd.json; sourceTree = "<group>"; };
		ED31BF732C8DF3D200285F60 /* triangle.frag.glsl */ = {isa = PBXFileReference; lastKnownFileType = text; path = triangle.frag.glsl; sourceTree = "<group>"; };
		ED31BF742C8DF3D200285F60 /* triangle.vert.glsl */ = {isa = PBXFileReference; lastKnownFileType = text; path = triangle.vert.glsl; sourceTree = "<group>"; };
/* End PBXFileReference section */

/* Begin PBXFrameworksBuildPhase section */
		ED31BF1D2C8D97AA00285F60 /* Frameworks */ = {
			isa = PBXFrameworksBuildPhase;
			buildActionMask = 2147483647;
			files = (
				ED31BF3A2C8D9E2000285F60 /* libSDL2-2.0.0.dylib in Frameworks */,
				ED31BF6E2C8DB89400285F60 /* libvulkan.1.3.290.dylib in Frameworks */,
				ED31BF6F2C8DB89D00285F60 /* libMoltenVK.dylib in Frameworks */,
			);
			runOnlyForDeploymentPostprocessing = 0;
		};
/* End PBXFrameworksBuildPhase section */

/* Begin PBXGroup section */
		ED31BF172C8D97AA00285F60 = {
			isa = PBXGroup;
			children = (
				ED31BF682C8DB64300285F60 /* MoltenVK_icd.json */,
				ED31BF752C8DF3D200285F60 /* shaders */,
				ED31BF362C8D9DB400285F60 /* deps */,
				ED31BF342C8D994700285F60 /* src */,
				ED31BF222C8D97AA00285F60 /* vulkan-mini-engine */,
				ED31BF212C8D97AA00285F60 /* Products */,
				ED31BF6B2C8DB83600285F60 /* Frameworks */,
			);
			sourceTree = "<group>";
		};
		ED31BF212C8D97AA00285F60 /* Products */ = {
			isa = PBXGroup;
			children = (
				ED31BF202C8D97AA00285F60 /* vulkan-mini-engine.app */,
			);
			name = Products;
			sourceTree = "<group>";
		};
		ED31BF222C8D97AA00285F60 /* vulkan-mini-engine */ = {
			isa = PBXGroup;
			children = (
				ED31BF262C8D97AA00285F60 /* Assets.xcassets */,
				ED31BF2D2C8D97AA00285F60 /* vulkan_mini_engine.entitlements */,
			);
			path = "vulkan-mini-engine";
			sourceTree = "<group>";
		};
		ED31BF342C8D994700285F60 /* src */ = {
			isa = PBXGroup;
			children = (
				ED31BF542C8DADFF00285F60 /* main.cpp */,
				ED31BF4E2C8DADFF00285F60 /* vk_descriptors.cpp */,
				ED31BF502C8DADFF00285F60 /* vk_descriptors.h */,
				ED31BF4B2C8DADFF00285F60 /* vk_engine.cpp */,
				ED31BF4D2C8DADFF00285F60 /* vk_engine.h */,
				ED31BF532C8DADFF00285F60 /* vk_images.cpp */,
				ED31BF4A2C8DADFF00285F60 /* vk_images.h */,
				ED31BF562C8DADFF00285F60 /* vk_initializers.cpp */,
				ED31BF512C8DADFF00285F60 /* vk_initializers.h */,
				ED31BF4C2C8DADFF00285F60 /* vk_loader.cpp */,
				ED31BF4F2C8DADFF00285F60 /* vk_loader.h */,
				ED31BF552C8DADFF00285F60 /* vk_pipelines.cpp */,
				ED31BF522C8DADFF00285F60 /* vk_pipelines.h */,
				ED31BF492C8DADFF00285F60 /* vk_types.h */,
			);
			name = src;
			path = ../src;
			sourceTree = "<group>";
		};
		ED31BF362C8D9DB400285F60 /* deps */ = {
			isa = PBXGroup;
			children = (
				ED31BF432C8DA27200285F60 /* third-party */,
				ED31BF632C8DB1DB00285F60 /* libvulkan.1.3.290.dylib */,
				ED31BF612C8DB1A700285F60 /* libMoltenVK.dylib */,
				ED31BF392C8D9E2000285F60 /* libSDL2-2.0.0.dylib */,
			);
			path = deps;
			sourceTree = "<group>";
		};
		ED31BF412C8DA27200285F60 /* src */ = {
			isa = PBXGroup;
			children = (
				ED31BF3E2C8DA27200285F60 /* VkBootstrap.cpp */,
				ED31BF3F2C8DA27200285F60 /* VkBootstrap.h */,
				ED31BF402C8DA27200285F60 /* VkBootstrapDispatch.h */,
			);
			path = src;
			sourceTree = "<group>";
		};
		ED31BF422C8DA27200285F60 /* vk-bootstrap */ = {
			isa = PBXGroup;
			children = (
				ED31BF412C8DA27200285F60 /* src */,
			);
			path = "vk-bootstrap";
			sourceTree = "<group>";
		};
		ED31BF432C8DA27200285F60 /* third-party */ = {
			isa = PBXGroup;
			children = (
				ED31BF422C8DA27200285F60 /* vk-bootstrap */,
			);
			path = "third-party";
			sourceTree = "<group>";
		};
		ED31BF6B2C8DB83600285F60 /* Frameworks */ = {
			isa = PBXGroup;
			children = (
			);
			name = Frameworks;
			sourceTree = "<group>";
		};
		ED31BF752C8DF3D200285F60 /* shaders */ = {
			isa = PBXGroup;
			children = (
				ED31BF732C8DF3D200285F60 /* triangle.frag.glsl */,
				ED31BF742C8DF3D200285F60 /* triangle.vert.glsl */,
			);
			name = shaders;
			path = ../shaders;
			sourceTree = "<group>";
		};
/* End PBXGroup section */

/* Begin PBXNativeTarget section */
		ED31BF1F2C8D97AA00285F60 /* vulkan-mini-engine */ = {
			isa = PBXNativeTarget;
			buildConfigurationList = ED31BF302C8D97AA00285F60 /* Build configuration list for PBXNativeTarget "vulkan-mini-engine" */;
			buildPhases = (
				ED31BF1C2C8D97AA00285F60 /* Sources */,
				ED31BF1D2C8D97AA00285F60 /* Frameworks */,
				ED31BF1E2C8D97AA00285F60 /* Resources */,
				ED31BF3B2C8D9EFC00285F60 /* Copy Frameworks */,
				ED31BF692C8DB65F00285F60 /* Copy ICD */,
				ED31BF722C8DB8DC00285F60 /* Create Vulkan symbolic link */,
				ED31BF762C8DF3DF00285F60 /* Build shaders */,
			);
			buildRules = (
			);
			dependencies = (
			);
			name = "vulkan-mini-engine";
			productName = "vulkan-mini-engine";
			productReference = ED31BF202C8D97AA00285F60 /* vulkan-mini-engine.app */;
			productType = "com.apple.product-type.application";
		};
/* End PBXNativeTarget section */

/* Begin PBXProject section */
		ED31BF182C8D97AA00285F60 /* Project object */ = {
			isa = PBXProject;
			attributes = {
				BuildIndependentTargetsInParallel = 1;
				LastUpgradeCheck = 1540;
				TargetAttributes = {
					ED31BF1F2C8D97AA00285F60 = {
						CreatedOnToolsVersion = 15.4;
					};
				};
			};
			buildConfigurationList = ED31BF1B2C8D97AA00285F60 /* Build configuration list for PBXProject "vulkan-mini-engine" */;
			compatibilityVersion = "Xcode 14.0";
			developmentRegion = en;
			hasScannedForEncodings = 0;
			knownRegions = (
				en,
				Base,
			);
			mainGroup = ED31BF172C8D97AA00285F60;
			productRefGroup = ED31BF212C8D97AA00285F60 /* Products */;
			projectDirPath = "";
			projectRoot = "";
			targets = (
				ED31BF1F2C8D97AA00285F60 /* vulkan-mini-engine */,
			);
		};
/* End PBXProject section */

/* Begin PBXResourcesBuildPhase section */
		ED31BF1E2C8D97AA00285F60 /* Resources */ = {
			isa = PBXResourcesBuildPhase;
			buildActionMask = 2147483647;
			files = (
				ED31BF272C8D97AA00285F60 /* Assets.xcassets in Resources */,
			);
			runOnlyForDeploymentPostprocessing = 0;
		};
/* End PBXResourcesBuildPhase section */

/* Begin PBXShellScriptBuildPhase section */
		ED31BF722C8DB8DC00285F60 /* Create Vulkan symbolic link */ = {
			isa = PBXShellScriptBuildPhase;
			buildActionMask = 2147483647;
			files = (
			);
			inputFileListPaths = (
			);
			inputPaths = (
			);
			name = "Create Vulkan symbolic link";
			outputFileListPaths = (
			);
			outputPaths = (
			);
			runOnlyForDeploymentPostprocessing = 0;
			shellPath = /bin/sh;
			shellScript = "# Type a script or drag a script file from your workspace to insert its path.\nln -sf ${BUILT_PRODUCTS_DIR}/${FRAMEWORKS_FOLDER_PATH}/libvulkan.1.3.290.dylib ${BUILT_PRODUCTS_DIR}/${FRAMEWORKS_FOLDER_PATH}/libvulkan.1.dylib\n\n";
		};
		ED31BF762C8DF3DF00285F60 /* Build shaders */ = {
			isa = PBXShellScriptBuildPhase;
			buildActionMask = 2147483647;
			files = (
			);
			inputFileListPaths = (
			);
			inputPaths = (
			);
			name = "Build shaders";
			outputFileListPaths = (
			);
			outputPaths = (
			);
			runOnlyForDeploymentPostprocessing = 0;
			shellPath = /bin/sh;
			shellScript = "# Type a script or drag a script file from your workspace to insert its path.\nmkdir -p ${BUILT_PRODUCTS_DIR}/${UNLOCALIZED_RESOURCES_FOLDER_PATH}/shaders\n${VULKAN_SDK}/bin/glslang -V ${PROJECT_DIR}/../shaders/triangle.vert.glsl -o ${BUILT_PRODUCTS_DIR}/${UNLOCALIZED_RESOURCES_FOLDER_PATH}/shaders/triangle.vert.spv\n\n${VULKAN_SDK}/bin/glslang -V ${PROJECT_DIR}/../shaders/triangle.frag.glsl -o ${BUILT_PRODUCTS_DIR}/${UNLOCALIZED_RESOURCES_FOLDER_PATH}/shaders/triangle.frag.spv\n";
		};
/* End PBXShellScriptBuildPhase section */

/* Begin PBXSourcesBuildPhase section */
		ED31BF1C2C8D97AA00285F60 /* Sources */ = {
			isa = PBXSourcesBuildPhase;
			buildActionMask = 2147483647;
			files = (
				ED31BF572C8DADFF00285F60 /* vk_engine.cpp in Sources */,
				ED31BF5C2C8DADFF00285F60 /* vk_pipelines.cpp in Sources */,
				ED31BF5A2C8DADFF00285F60 /* vk_images.cpp in Sources */,
				ED31BF5D2C8DADFF00285F60 /* vk_initializers.cpp in Sources */,
				ED31BF5B2C8DADFF00285F60 /* main.cpp in Sources */,
				ED31BF592C8DADFF00285F60 /* vk_descriptors.cpp in Sources */,
				ED31BF582C8DADFF00285F60 /* vk_loader.cpp in Sources */,
				ED31BF442C8DA27200285F60 /* VkBootstrap.cpp in Sources */,
			);
			runOnlyForDeploymentPostprocessing = 0;
		};
/* End PBXSourcesBuildPhase section */

/* Begin XCBuildConfiguration section */
		ED31BF2E2C8D97AA00285F60 /* Debug */ = {
			isa = XCBuildConfiguration;
			buildSettings = {
				ALWAYS_SEARCH_USER_PATHS = NO;
				ASSETCATALOG_COMPILER_GENERATE_SWIFT_ASSET_SYMBOL_EXTENSIONS = YES;
				CLANG_ANALYZER_NONNULL = YES;
				CLANG_ANALYZER_NUMBER_OBJECT_CONVERSION = YES_AGGRESSIVE;
				CLANG_CXX_LANGUAGE_STANDARD = "gnu++20";
				CLANG_ENABLE_MODULES = YES;
				CLANG_ENABLE_OBJC_ARC = YES;
				CLANG_ENABLE_OBJC_WEAK = YES;
				CLANG_WARN_BLOCK_CAPTURE_AUTORELEASING = YES;
				CLANG_WARN_BOOL_CONVERSION = YES;
				CLANG_WARN_COMMA = YES;
				CLANG_WARN_CONSTANT_CONVERSION = YES;
				CLANG_WARN_DEPRECATED_OBJC_IMPLEMENTATIONS = YES;
				CLANG_WARN_DIRECT_OBJC_ISA_USAGE = YES_ERROR;
				CLANG_WARN_DOCUMENTATION_COMMENTS = YES;
				CLANG_WARN_EMPTY_BODY = YES;
				CLANG_WARN_ENUM_CONVERSION = YES;
				CLANG_WARN_INFINITE_RECURSION = YES;
				CLANG_WARN_INT_CONVERSION = YES;
				CLANG_WARN_NON_LITERAL_NULL_CONVERSION = YES;
				CLANG_WARN_OBJC_IMPLICIT_RETAIN_SELF = YES;
				CLANG_WARN_OBJC_LITERAL_CONVERSION = YES;
				CLANG_WARN_OBJC_ROOT_CLASS = YES_ERROR;
				CLANG_WARN_QUOTED_INCLUDE_IN_FRAMEWORK_HEADER = YES;
				CLANG_WARN_RANGE_LOOP_ANALYSIS = YES;
				CLANG_WARN_STRICT_PROTOTYPES = YES;
				CLANG_WARN_SUSPICIOUS_MOVE = YES;
				CLANG_WARN_UNGUARDED_AVAILABILITY = YES_AGGRESSIVE;
				CLANG_WARN_UNREACHABLE_CODE = YES;
				CLANG_WARN__DUPLICATE_METHOD_MATCH = YES;
				COPY_PHASE_STRIP = NO;
				DEBUG_INFORMATION_FORMAT = dwarf;
				ENABLE_STRICT_OBJC_MSGSEND = YES;
				ENABLE_TESTABILITY = YES;
				ENABLE_USER_SCRIPT_SANDBOXING = YES;
				GCC_C_LANGUAGE_STANDARD = gnu17;
				GCC_DYNAMIC_NO_PIC = NO;
				GCC_NO_COMMON_BLOCKS = YES;
				GCC_OPTIMIZATION_LEVEL = 0;
				GCC_PREPROCESSOR_DEFINITIONS = (
					"DEBUG=1",
					"$(inherited)",
				);
				GCC_WARN_64_TO_32_BIT_CONVERSION = YES;
				GCC_WARN_ABOUT_RETURN_TYPE = YES_ERROR;
				GCC_WARN_UNDECLARED_SELECTOR = YES;
				GCC_WARN_UNINITIALIZED_AUTOS = YES_AGGRESSIVE;
				GCC_WARN_UNUSED_FUNCTION = YES;
				GCC_WARN_UNUSED_VARIABLE = YES;
				LOCALIZATION_PREFERS_STRING_CATALOGS = YES;
				MACOSX_DEPLOYMENT_TARGET = 14.5;
				MTL_ENABLE_DEBUG_INFO = INCLUDE_SOURCE;
				MTL_FAST_MATH = YES;
				ONLY_ACTIVE_ARCH = YES;
				SDKROOT = macosx;
			};
			name = Debug;
		};
		ED31BF2F2C8D97AA00285F60 /* Release */ = {
			isa = XCBuildConfiguration;
			buildSettings = {
				ALWAYS_SEARCH_USER_PATHS = NO;
				ASSETCATALOG_COMPILER_GENERATE_SWIFT_ASSET_SYMBOL_EXTENSIONS = YES;
				CLANG_ANALYZER_NONNULL = YES;
				CLANG_ANALYZER_NUMBER_OBJECT_CONVERSION = YES_AGGRESSIVE;
				CLANG_CXX_LANGUAGE_STANDARD = "gnu++20";
				CLANG_ENABLE_MODULES = YES;
				CLANG_ENABLE_OBJC_ARC = YES;
				CLANG_ENABLE_OBJC_WEAK = YES;
				CLANG_WARN_BLOCK_CAPTURE_AUTORELEASING = YES;
				CLANG_WARN_BOOL_CONVERSION = YES;
				CLANG_WARN_COMMA = YES;
				CLANG_WARN_CONSTANT_CONVERSION = YES;
				CLANG_WARN_DEPRECATED_OBJC_IMPLEMENTATIONS = YES;
				CLANG_WARN_DIRECT_OBJC_ISA_USAGE = YES_ERROR;
				CLANG_WARN_DOCUMENTATION_COMMENTS = YES;
				CLANG_WARN_EMPTY_BODY = YES;
				CLANG_WARN_ENUM_CONVERSION = YES;
				CLANG_WARN_INFINITE_RECURSION = YES;
				CLANG_WARN_INT_CONVERSION = YES;
				CLANG_WARN_NON_LITERAL_NULL_CONVERSION = YES;
				CLANG_WARN_OBJC_IMPLICIT_RETAIN_SELF = YES;
				CLANG_WARN_OBJC_LITERAL_CONVERSION = YES;
				CLANG_WARN_OBJC_ROOT_CLASS = YES_ERROR;
				CLANG_WARN_QUOTED_INCLUDE_IN_FRAMEWORK_HEADER = YES;
				CLANG_WARN_RANGE_LOOP_ANALYSIS = YES;
				CLANG_WARN_STRICT_PROTOTYPES = YES;
				CLANG_WARN_SUSPICIOUS_MOVE = YES;
				CLANG_WARN_UNGUARDED_AVAILABILITY = YES_AGGRESSIVE;
				CLANG_WARN_UNREACHABLE_CODE = YES;
				CLANG_WARN__DUPLICATE_METHOD_MATCH = YES;
				COPY_PHASE_STRIP = NO;
				DEBUG_INFORMATION_FORMAT = "dwarf-with-dsym";
				ENABLE_NS_ASSERTIONS = NO;
				ENABLE_STRICT_OBJC_MSGSEND = YES;
				ENABLE_USER_SCRIPT_SANDBOXING = YES;
				GCC_C_LANGUAGE_STANDARD = gnu17;
				GCC_NO_COMMON_BLOCKS = YES;
				GCC_WARN_64_TO_32_BIT_CONVERSION = YES;
				GCC_WARN_ABOUT_RETURN_TYPE = YES_ERROR;
				GCC_WARN_UNDECLARED_SELECTOR = YES;
				GCC_WARN_UNINITIALIZED_AUTOS = YES_AGGRESSIVE;
				GCC_WARN_UNUSED_FUNCTION = YES;
				GCC_WARN_UNUSED_VARIABLE = YES;
				LOCALIZATION_PREFERS_STRING_CATALOGS = YES;
				MACOSX_DEPLOYMENT_TARGET = 14.5;
				MTL_ENABLE_DEBUG_INFO = NO;
				MTL_FAST_MATH = YES;
				SDKROOT = macosx;
			};
			name = Release;
		};
		ED31BF312C8D97AA00285F60 /* Debug */ = {
			isa = XCBuildConfiguration;
			buildSettings = {
				ASSETCATALOG_COMPILER_APPICON_NAME = AppIcon;
				ASSETCATALOG_COMPILER_GLOBAL_ACCENT_COLOR_NAME = AccentColor;
				CODE_SIGN_ENTITLEMENTS = "vulkan-mini-engine/vulkan_mini_engine.entitlements";
				CODE_SIGN_STYLE = Automatic;
				COMBINE_HIDPI_IMAGES = YES;
				CURRENT_PROJECT_VERSION = 1;
				DEVELOPMENT_TEAM = RP926KEE5K;
				ENABLE_HARDENED_RUNTIME = YES;
				ENABLE_USER_SCRIPT_SANDBOXING = NO;
				FRAMEWORK_SEARCH_PATHS = "$(VULKAN_SDK)/frameworks";
				GENERATE_INFOPLIST_FILE = YES;
				HEADER_SEARCH_PATHS = (
					"$(VULKAN_SDK)/include",
					"$(PROJECT_DIR)/../src",
					"$(VULKAN_SDK)/include/VMA",
					"$(VULKAN_SDK)/include/SDL2",
				);
				INFOPLIST_KEY_NSHumanReadableCopyright = "";
				INFOPLIST_KEY_NSMainNibFile = MainMenu;
				INFOPLIST_KEY_NSPrincipalClass = NSApplication;
				LD_RUNPATH_SEARCH_PATHS = (
					"$(inherited)",
					"@executable_path/../Frameworks",
				);
				LIBRARY_SEARCH_PATHS = "$(VULKAN_SDK)/lib";
				MARKETING_VERSION = 1.0;
				PRODUCT_BUNDLE_IDENTIFIER = "com.bg2engine.vulkan-mini-engine.vulkan-mini-engine";
				PRODUCT_NAME = "$(TARGET_NAME)";
				SWIFT_EMIT_LOC_STRINGS = YES;
				VULKAN_SDK = "$(HOME)/VulkanSDK/1.3.290.0/macOS";
			};
			name = Debug;
		};
		ED31BF322C8D97AA00285F60 /* Release */ = {
			isa = XCBuildConfiguration;
			buildSettings = {
				ASSETCATALOG_COMPILER_APPICON_NAME = AppIcon;
				ASSETCATALOG_COMPILER_GLOBAL_ACCENT_COLOR_NAME = AccentColor;
				CODE_SIGN_ENTITLEMENTS = "vulkan-mini-engine/vulkan_mini_engine.entitlements";
				CODE_SIGN_STYLE = Automatic;
				COMBINE_HIDPI_IMAGES = YES;
				CURRENT_PROJECT_VERSION = 1;
				DEVELOPMENT_TEAM = RP926KEE5K;
				ENABLE_HARDENED_RUNTIME = YES;
				ENABLE_USER_SCRIPT_SANDBOXING = NO;
				FRAMEWORK_SEARCH_PATHS = "$(VULKAN_SDK)/frameworks";
				GENERATE_INFOPLIST_FILE = YES;
				HEADER_SEARCH_PATHS = (
					"$(VULKAN_SDK)/include",
					"$(PROJECT_DIR)/../src",
					"$(VULKAN_SDK)/include/VMA",
					"$(VULKAN_SDK)/include/SDL2",
				);
				INFOPLIST_KEY_NSHumanReadableCopyright = "";
				INFOPLIST_KEY_NSMainNibFile = MainMenu;
				INFOPLIST_KEY_NSPrincipalClass = NSApplication;
				LD_RUNPATH_SEARCH_PATHS = (
					"$(inherited)",
					"@executable_path/../Frameworks",
				);
				LIBRARY_SEARCH_PATHS = "$(VULKAN_SDK)/lib";
				MARKETING_VERSION = 1.0;
				PRODUCT_BUNDLE_IDENTIFIER = "com.bg2engine.vulkan-mini-engine.vulkan-mini-engine";
				PRODUCT_NAME = "$(TARGET_NAME)";
				SWIFT_EMIT_LOC_STRINGS = YES;
				VULKAN_SDK = "$(HOME)/VulkanSDK/1.3.290.0/macOS";
			};
			name = Release;
		};
/* End XCBuildConfiguration section */

/* Begin XCConfigurationList section */
		ED31BF1B2C8D97AA00285F60 /* Build configuration list for PBXProject "vulkan-mini-engine" */ = {
			isa = XCConfigurationList;
			buildConfigurations = (
				ED31BF2E2C8D97AA00285F60 /* Debug */,
				ED31BF2F2C8D97AA00285F60 /* Release */,
			);
			defaultConfigurationIsVisible = 0;
			defaultConfigurationName = Release;
		};
		ED31BF302C8D97AA00285F60 /* Build configuration list for PBXNativeTarget "vulkan-mini-engine" */ = {
			isa = XCConfigurationList;
			buildConfigurations = (
				ED31BF312C8D97AA00285F60 /* Debug */,
				ED31BF322C8D97AA00285F60 /* Release */,
			);
			defaultConfigurationIsVisible = 0;
			defaultConfigurationName = Release;
		};
/* End XCConfigurationList section */
	};
	rootObject = ED31BF182C8D97AA00285F60 /* Project object */;
}
